{
  "version": 4,
  "terraform_version": "1.5.7",
  "serial": 146,
  "lineage": "052a1bf4-8840-a5cb-f289-868166aa99e3",
  "outputs": {},
  "resources": [
    {
      "mode": "managed",
      "type": "aws_db_instance",
      "name": "python_asia_talk_rds_instance",
      "provider": "provider[\"registry.terraform.io/hashicorp/aws\"]",
      "instances": [
        {
          "schema_version": 2,
          "attributes": {
            "address": "terraform-20260104174616389500000001.ch8iia8ueiyz.ap-northeast-3.rds.amazonaws.com",
            "allocated_storage": 20,
            "allow_major_version_upgrade": null,
            "apply_immediately": false,
            "arn": "arn:aws:rds:ap-northeast-3:647118473721:db:terraform-20260104174616389500000001",
            "auto_minor_version_upgrade": true,
            "availability_zone": "ap-northeast-3a",
            "backup_retention_period": 0,
            "backup_target": "region",
            "backup_window": "00:21-00:51",
            "blue_green_update": [],
            "ca_cert_identifier": "rds-ca-rsa2048-g1",
            "character_set_name": "",
            "copy_tags_to_snapshot": false,
            "custom_iam_instance_profile": "",
            "customer_owned_ip_enabled": false,
            "database_insights_mode": "standard",
            "db_name": "pythonasiadb",
            "db_subnet_group_name": "python_asia_db_subnet_group",
            "dedicated_log_volume": false,
            "delete_automated_backups": true,
            "deletion_protection": false,
            "domain": "",
            "domain_auth_secret_arn": "",
            "domain_dns_ips": [],
            "domain_fqdn": "",
            "domain_iam_role_name": "",
            "domain_ou": "",
            "enabled_cloudwatch_logs_exports": [],
            "endpoint": "terraform-20260104174616389500000001.ch8iia8ueiyz.ap-northeast-3.rds.amazonaws.com:5432",
            "engine": "postgres",
            "engine_lifecycle_support": "open-source-rds-extended-support",
            "engine_version": "18.1",
            "engine_version_actual": "18.1",
            "final_snapshot_identifier": null,
            "hosted_zone_id": "Z27UOU6J3YT0DM",
            "iam_database_authentication_enabled": false,
            "id": "db-73CGVZ4EQDY6CPQOWLLUBEGBTQ",
            "identifier": "terraform-20260104174616389500000001",
            "identifier_prefix": "terraform-",
            "instance_class": "db.t3.micro",
            "iops": 0,
            "kms_key_id": "",
            "latest_restorable_time": "",
            "license_model": "postgresql-license",
            "listener_endpoint": [],
            "maintenance_window": "tue:22:41-tue:23:11",
            "manage_master_user_password": null,
            "master_user_secret": [],
            "master_user_secret_kms_key_id": null,
            "max_allocated_storage": 0,
            "monitoring_interval": 0,
            "monitoring_role_arn": "",
            "multi_az": false,
            "nchar_character_set_name": "",
            "network_type": "IPV4",
            "option_group_name": "default:postgres-18",
            "parameter_group_name": "default.postgres18",
            "password": "Helloaws9#",
            "password_wo": null,
            "password_wo_version": null,
            "performance_insights_enabled": false,
            "performance_insights_kms_key_id": "",
            "performance_insights_retention_period": 0,
            "port": 5432,
            "publicly_accessible": false,
            "region": "ap-northeast-3",
            "replica_mode": "",
            "replicas": [],
            "replicate_source_db": "",
            "resource_id": "db-73CGVZ4EQDY6CPQOWLLUBEGBTQ",
            "restore_to_point_in_time": [],
            "s3_import": [],
            "skip_final_snapshot": false,
            "snapshot_identifier": null,
            "status": "available",
            "storage_encrypted": false,
            "storage_throughput": 0,
            "storage_type": "gp2",
            "tags": {
              "Name": "python-asia-database"
            },
            "tags_all": {
              "Name": "python-asia-database"
            },
            "timeouts": null,
            "timezone": "",
            "upgrade_rollout_order": "second",
            "upgrade_storage_config": null,
            "username": "custom_admin",
            "vpc_security_group_ids": [
              "sg-0c3207c7098392550"
            ]
          },
          "sensitive_attributes": [],
          "private": "eyJlMmJmYjczMC1lY2FhLTExZTYtOGY4OC0zNDM2M2JjN2M0YzAiOnsiY3JlYXRlIjozMDAwMDAwMDAwMDAwLCJkZWxldGUiOjM2MDAwMDAwMDAwMDAsInVwZGF0ZSI6NDgwMDAwMDAwMDAwMH0sInNjaGVtYV92ZXJzaW9uIjoiMiJ9",
          "dependencies": [
            "aws_db_subnet_group.python_asia_db_subnet_group",
            "aws_security_group.python_asia_rds_security_group",
            "aws_subnet.python_asia_private_subnet",
            "aws_subnet.python_asia_private_subnet_2",
            "aws_vpc.python_asia_vpc"
          ]
        }
      ]
    },
    {
      "mode": "managed",
      "type": "aws_db_subnet_group",
      "name": "python_asia_db_subnet_group",
      "provider": "provider[\"registry.terraform.io/hashicorp/aws\"]",
      "instances": [
        {
          "schema_version": 0,
          "attributes": {
            "arn": "arn:aws:rds:ap-northeast-3:647118473721:subgrp:python_asia_db_subnet_group",
            "description": "Managed by Terraform",
            "id": "python_asia_db_subnet_group",
            "name": "python_asia_db_subnet_group",
            "name_prefix": "",
            "region": "ap-northeast-3",
            "subnet_ids": [
              "subnet-097b1e85babbe861a",
              "subnet-0e9f352fbd93552f9"
            ],
            "supported_network_types": [
              "IPV4"
            ],
            "tags": {
              "Name": "python-asia-db-subnet-group"
            },
            "tags_all": {
              "Name": "python-asia-db-subnet-group"
            },
            "vpc_id": "vpc-0cfd2ce31ca086d2f"
          },
          "sensitive_attributes": [],
          "private": "bnVsbA==",
          "dependencies": [
            "aws_subnet.python_asia_private_subnet",
            "aws_subnet.python_asia_private_subnet_2",
            "aws_vpc.python_asia_vpc"
          ]
        }
      ]
    },
    {
      "mode": "managed",
      "type": "aws_security_group",
      "name": "python_asia_rds_security_group",
      "provider": "provider[\"registry.terraform.io/hashicorp/aws\"]",
      "instances": [
        {
          "schema_version": 1,
          "attributes": {
            "arn": "arn:aws:ec2:ap-northeast-3:647118473721:security-group/sg-0c3207c7098392550",
            "description": "Allow Ingress into RDS",
            "egress": [],
            "id": "sg-0c3207c7098392550",
            "ingress": [
              {
                "cidr_blocks": [],
                "description": "",
                "from_port": 5432,
                "ipv6_cidr_blocks": [],
                "prefix_list_ids": [],
                "protocol": "tcp",
                "security_groups": [
                  "sg-092a429f84d52b7a0"
                ],
                "self": false,
                "to_port": 5432
              }
            ],
            "name": "RDS Security Group",
            "name_prefix": "",
            "owner_id": "647118473721",
            "region": "ap-northeast-3",
            "revoke_rules_on_delete": false,
            "tags": {},
            "tags_all": {},
            "timeouts": null,
            "vpc_id": "vpc-0cfd2ce31ca086d2f"
          },
          "sensitive_attributes": [],
          "private": "eyJlMmJmYjczMC1lY2FhLTExZTYtOGY4OC0zNDM2M2JjN2M0YzAiOnsiY3JlYXRlIjo2MDAwMDAwMDAwMDAsImRlbGV0ZSI6OTAwMDAwMDAwMDAwfSwic2NoZW1hX3ZlcnNpb24iOiIxIn0=",
          "dependencies": [
            "aws_vpc.python_asia_vpc"
          ]
        }
      ]
    },
    {
      "mode": "managed",
      "type": "aws_subnet",
      "name": "python_asia_private_subnet",
      "provider": "provider[\"registry.terraform.io/hashicorp/aws\"]",
      "instances": [
        {
          "schema_version": 1,
          "attributes": {
            "arn": "arn:aws:ec2:ap-northeast-3:647118473721:subnet/subnet-0e9f352fbd93552f9",
            "assign_ipv6_address_on_creation": false,
            "availability_zone": "ap-northeast-3a",
            "availability_zone_id": "apne3-az3",
            "cidr_block": "10.0.20.0/24",
            "customer_owned_ipv4_pool": "",
            "enable_dns64": false,
            "enable_lni_at_device_index": 0,
            "enable_resource_name_dns_a_record_on_launch": false,
            "enable_resource_name_dns_aaaa_record_on_launch": false,
            "id": "subnet-0e9f352fbd93552f9",
            "ipv6_cidr_block": "",
            "ipv6_cidr_block_association_id": "",
            "ipv6_native": false,
            "map_customer_owned_ip_on_launch": false,
            "map_public_ip_on_launch": false,
            "outpost_arn": "",
            "owner_id": "647118473721",
            "private_dns_hostname_type_on_launch": "ip-name",
            "region": "ap-northeast-3",
            "tags": {
              "Name": "python-asia-private-subnet"
            },
            "tags_all": {
              "Name": "python-asia-private-subnet"
            },
            "timeouts": null,
            "vpc_id": "vpc-0cfd2ce31ca086d2f"
          },
          "sensitive_attributes": [],
          "private": "eyJlMmJmYjczMC1lY2FhLTExZTYtOGY4OC0zNDM2M2JjN2M0YzAiOnsiY3JlYXRlIjo2MDAwMDAwMDAwMDAsImRlbGV0ZSI6MTIwMDAwMDAwMDAwMH0sInNjaGVtYV92ZXJzaW9uIjoiMSJ9",
          "dependencies": [
            "aws_vpc.python_asia_vpc"
          ]
        }
      ]
    },
    {
      "mode": "managed",
      "type": "aws_subnet",
      "name": "python_asia_private_subnet_2",
      "provider": "provider[\"registry.terraform.io/hashicorp/aws\"]",
      "instances": [
        {
          "schema_version": 1,
          "attributes": {
            "arn": "arn:aws:ec2:ap-northeast-3:647118473721:subnet/subnet-097b1e85babbe861a",
            "assign_ipv6_address_on_creation": false,
            "availability_zone": "ap-northeast-3b",
            "availability_zone_id": "apne3-az1",
            "cidr_block": "10.0.21.0/24",
            "customer_owned_ipv4_pool": "",
            "enable_dns64": false,
            "enable_lni_at_device_index": 0,
            "enable_resource_name_dns_a_record_on_launch": false,
            "enable_resource_name_dns_aaaa_record_on_launch": false,
            "id": "subnet-097b1e85babbe861a",
            "ipv6_cidr_block": "",
            "ipv6_cidr_block_association_id": "",
            "ipv6_native": false,
            "map_customer_owned_ip_on_launch": false,
            "map_public_ip_on_launch": false,
            "outpost_arn": "",
            "owner_id": "647118473721",
            "private_dns_hostname_type_on_launch": "ip-name",
            "region": "ap-northeast-3",
            "tags": {
              "Name": "python-asia-private-subnet-2"
            },
            "tags_all": {
              "Name": "python-asia-private-subnet-2"
            },
            "timeouts": null,
            "vpc_id": "vpc-0cfd2ce31ca086d2f"
          },
          "sensitive_attributes": [],
          "private": "eyJlMmJmYjczMC1lY2FhLTExZTYtOGY4OC0zNDM2M2JjN2M0YzAiOnsiY3JlYXRlIjo2MDAwMDAwMDAwMDAsImRlbGV0ZSI6MTIwMDAwMDAwMDAwMH0sInNjaGVtYV92ZXJzaW9uIjoiMSJ9",
          "dependencies": [
            "aws_vpc.python_asia_vpc"
          ]
        }
      ]
    },
    {
      "mode": "managed",
      "type": "aws_vpc",
      "name": "python_asia_vpc",
      "provider": "provider[\"registry.terraform.io/hashicorp/aws\"]",
      "instances": [
        {
          "schema_version": 1,
          "attributes": {
            "arn": "arn:aws:ec2:ap-northeast-3:647118473721:vpc/vpc-0cfd2ce31ca086d2f",
            "assign_generated_ipv6_cidr_block": false,
            "cidr_block": "10.0.16.0/20",
            "default_network_acl_id": "acl-0543c285a20305cbe",
            "default_route_table_id": "rtb-0b2a8cf04b51a7b06",
            "default_security_group_id": "sg-002a51689e70f281e",
            "dhcp_options_id": "dopt-0bd1ede4758dc9613",
            "enable_dns_hostnames": false,
            "enable_dns_support": true,
            "enable_network_address_usage_metrics": false,
            "id": "vpc-0cfd2ce31ca086d2f",
            "instance_tenancy": "default",
            "ipv4_ipam_pool_id": null,
            "ipv4_netmask_length": null,
            "ipv6_association_id": "",
            "ipv6_cidr_block": "",
            "ipv6_cidr_block_network_border_group": "",
            "ipv6_ipam_pool_id": "",
            "ipv6_netmask_length": 0,
            "main_route_table_id": "rtb-0b2a8cf04b51a7b06",
            "owner_id": "647118473721",
            "region": "ap-northeast-3",
            "tags": {
              "Name": "python-asia-vpc"
            },
            "tags_all": {
              "Name": "python-asia-vpc"
            }
          },
          "sensitive_attributes": [],
          "private": "eyJzY2hlbWFfdmVyc2lvbiI6IjEifQ=="
        }
      ]
    }
  ],
  "check_results": null
}
